// !$*UTF8*$!
{
	archiveVersion = 1;
	classes = {
	};
	objectVersion = 50;
	objects = {

/* Begin PBXBuildFile section */
		D8D469CD24EF87FE00D63142 /* RadialMenuApp.swift in Sources */ = {isa = PBXBuildFile; fileRef = D8D469CC24EF87FE00D63142 /* RadialMenuApp.swift */; };
		D8D469CF24EF87FE00D63142 /* ContentView.swift in Sources */ = {isa = PBXBuildFile; fileRef = D8D469CE24EF87FE00D63142 /* ContentView.swift */; };
		D8D469D124EF87FF00D63142 /* Assets.xcassets in Resources */ = {isa = PBXBuildFile; fileRef = D8D469D024EF87FF00D63142 /* Assets.xcassets */; };
		D8D469D424EF87FF00D63142 /* Preview Assets.xcassets in Resources */ = {isa = PBXBuildFile; fileRef = D8D469D324EF87FF00D63142 /* Preview Assets.xcassets */; };
		D8D469DF24EF880000D63142 /* RadialMenuTests.swift in Sources */ = {isa = PBXBuildFile; fileRef = D8D469DE24EF880000D63142 /* RadialMenuTests.swift */; };
		D8D469EA24EF880000D63142 /* RadialMenuUITests.swift in Sources */ = {isa = PBXBuildFile; fileRef = D8D469E924EF880000D63142 /* RadialMenuUITests.swift */; };
/* End PBXBuildFile section */

/* Begin PBXContainerItemProxy section */
		D8D469DB24EF880000D63142 /* PBXContainerItemProxy */ = {
			isa = PBXContainerItemProxy;
			containerPortal = D8D469C124EF87FE00D63142 /* Project object */;
			proxyType = 1;
			remoteGlobalIDString = D8D469C824EF87FE00D63142;
			remoteInfo = RadialMenu;
		};
		D8D469E624EF880000D63142 /* PBXContainerItemProxy */ = {
			isa = PBXContainerItemProxy;
			containerPortal = D8D469C124EF87FE00D63142 /* Project object */;
			proxyType = 1;
			remoteGlobalIDString = D8D469C824EF87FE00D63142;
			remoteInfo = RadialMenu;
		};
/* End PBXContainerItemProxy section */

/* Begin PBXFileReference section */
		D8D469C924EF87FE00D63142 /* RadialMenu.app */ = {isa = PBXFileReference; explicitFileType = wrapper.application; includeInIndex = 0; path = RadialMenu.app; sourceTree = BUILT_PRODUCTS_DIR; };
		D8D469CC24EF87FE00D63142 /* RadialMenuApp.swift */ = {isa = PBXFileReference; lastKnownFileType = sourcecode.swift; path = RadialMenuApp.swift; sourceTree = "<group>"; };
		D8D469CE24EF87FE00D63142 /* ContentView.swift */ = {isa = PBXFileReference; lastKnownFileType = sourcecode.swift; path = ContentView.swift; sourceTree = "<group>"; };
		D8D469D024EF87FF00D63142 /* Assets.xcassets */ = {isa = PBXFileReference; lastKnownFileType = folder.assetcatalog; path = Assets.xcassets; sourceTree = "<group>"; };
		D8D469D324EF87FF00D63142 /* Preview Assets.xcassets */ = {isa = PBXFileReference; lastKnownFileType = folder.assetcatalog; path = "Preview Assets.xcassets"; sourceTree = "<group>"; };
		D8D469D524EF87FF00D63142 /* Info.plist */ = {isa = PBXFileReference; lastKnownFileType = text.plist.xml; path = Info.plist; sourceTree = "<group>"; };
		D8D469DA24EF880000D63142 /* RadialMenuTests.xctest */ = {isa = PBXFileReference; explicitFileType = wrapper.cfbundle; includeInIndex = 0; path = RadialMenuTests.xctest; sourceTree = BUILT_PRODUCTS_DIR; };
		D8D469DE24EF880000D63142 /* RadialMenuTests.swift */ = {isa = PBXFileReference; lastKnownFileType = sourcecode.swift; path = RadialMenuTests.swift; sourceTree = "<group>"; };
		D8D469E024EF880000D63142 /* Info.plist */ = {isa = PBXFileReference; lastKnownFileType = text.plist.xml; path = Info.plist; sourceTree = "<group>"; };
		D8D469E524EF880000D63142 /* RadialMenuUITests.xctest */ = {isa = PBXFileReference; explicitFileType = wrapper.cfbundle; includeInIndex = 0; path = RadialMenuUITests.xctest; sourceTree = BUILT_PRODUCTS_DIR; };
		D8D469E924EF880000D63142 /* RadialMenuUITests.swift */ = {isa = PBXFileReference; lastKnownFileType = sourcecode.swift; path = RadialMenuUITests.swift; sourceTree = "<group>"; };
		D8D469EB24EF880000D63142 /* Info.plist */ = {isa = PBXFileReference; lastKnownFileType = text.plist.xml; path = Info.plist; sourceTree = "<group>"; };
/* End PBXFileReference section */

/* Begin PBXFrameworksBuildPhase section */
		D8D469C624EF87FE00D63142 /* Frameworks */ = {
			isa = PBXFrameworksBuildPhase;
			buildActionMask = 2147483647;
			files = (
			);
			runOnlyForDeploymentPostprocessing = 0;
		};
		D8D469D724EF880000D63142 /* Frameworks */ = {
			isa = PBXFrameworksBuildPhase;
			buildActionMask = 2147483647;
			files = (
			);
			runOnlyForDeploymentPostprocessing = 0;
		};
		D8D469E224EF880000D63142 /* Frameworks */ = {
			isa = PBXFrameworksBuildPhase;
			buildActionMask = 2147483647;
			files = (
			);
			runOnlyForDeploymentPostprocessing = 0;
		};
/* End PBXFrameworksBuildPhase section */

/* Begin PBXGroup section */
		D8D469C024EF87FE00D63142 = {
			isa = PBXGroup;
			children = (
				D8D469CB24EF87FE00D63142 /* RadialMenu */,
				D8D469DD24EF880000D63142 /* RadialMenuTests */,
				D8D469E824EF880000D63142 /* RadialMenuUITests */,
				D8D469CA24EF87FE00D63142 /* Products */,
			);
			sourceTree = "<group>";
		};
		D8D469CA24EF87FE00D63142 /* Products */ = {
			isa = PBXGroup;
			children = (
				D8D469C924EF87FE00D63142 /* RadialMenu.app */,
				D8D469DA24EF880000D63142 /* RadialMenuTests.xctest */,
				D8D469E524EF880000D63142 /* RadialMenuUITests.xctest */,
			);
			name = Products;
			sourceTree = "<group>";
		};
		D8D469CB24EF87FE00D63142 /* RadialMenu */ = {
			isa = PBXGroup;
			children = (
				D8D469CC24EF87FE00D63142 /* RadialMenuApp.swift */,
				D8D469CE24EF87FE00D63142 /* ContentView.swift */,
				D8D469D024EF87FF00D63142 /* Assets.xcassets */,
				D8D469D524EF87FF00D63142 /* Info.plist */,
				D8D469D224EF87FF00D63142 /* Preview Content */,
			);
			path = RadialMenu;
			sourceTree = "<group>";
		};
		D8D469D224EF87FF00D63142 /* Preview Content */ = {
			isa = PBXGroup;
			children = (
				D8D469D324EF87FF00D63142 /* Preview Assets.xcassets */,
			);
			path = "Preview Content";
			sourceTree = "<group>";
		};
		D8D469DD24EF880000D63142 /* RadialMenuTests */ = {
			isa = PBXGroup;
			children = (
				D8D469DE24EF880000D63142 /* RadialMenuTests.swift */,
				D8D469E024EF880000D63142 /* Info.plist */,
			);
			path = RadialMenuTests;
			sourceTree = "<group>";
		};
		D8D469E824EF880000D63142 /* RadialMenuUITests */ = {
			isa = PBXGroup;
			children = (
				D8D469E924EF880000D63142 /* RadialMenuUITests.swift */,
				D8D469EB24EF880000D63142 /* Info.plist */,
			);
			path = RadialMenuUITests;
			sourceTree = "<group>";
		};
/* End PBXGroup section */

/* Begin PBXNativeTarget section */
		D8D469C824EF87FE00D63142 /* RadialMenu */ = {
			isa = PBXNativeTarget;
			buildConfigurationList = D8D469EE24EF880000D63142 /* Build configuration list for PBXNativeTarget "RadialMenu" */;
			buildPhases = (
				D8D469C524EF87FE00D63142 /* Sources */,
				D8D469C624EF87FE00D63142 /* Frameworks */,
				D8D469C724EF87FE00D63142 /* Resources */,
			);
			buildRules = (
			);
			dependencies = (
			);
			name = RadialMenu;
			productName = RadialMenu;
			productReference = D8D469C924EF87FE00D63142 /* RadialMenu.app */;
			productType = "com.apple.product-type.application";
		};
		D8D469D924EF880000D63142 /* RadialMenuTests */ = {
			isa = PBXNativeTarget;
			buildConfigurationList = D8D469F124EF880000D63142 /* Build configuration list for PBXNativeTarget "RadialMenuTests" */;
			buildPhases = (
				D8D469D624EF880000D63142 /* Sources */,
				D8D469D724EF880000D63142 /* Frameworks */,
				D8D469D824EF880000D63142 /* Resources */,
			);
			buildRules = (
			);
			dependencies = (
				D8D469DC24EF880000D63142 /* PBXTargetDependency */,
			);
			name = RadialMenuTests;
			productName = RadialMenuTests;
			productReference = D8D469DA24EF880000D63142 /* RadialMenuTests.xctest */;
			productType = "com.apple.product-type.bundle.unit-test";
		};
		D8D469E424EF880000D63142 /* RadialMenuUITests */ = {
			isa = PBXNativeTarget;
			buildConfigurationList = D8D469F424EF880000D63142 /* Build configuration list for PBXNativeTarget "RadialMenuUITests" */;
			buildPhases = (
				D8D469E124EF880000D63142 /* Sources */,
				D8D469E224EF880000D63142 /* Frameworks */,
				D8D469E324EF880000D63142 /* Resources */,
			);
			buildRules = (
			);
			dependencies = (
				D8D469E724EF880000D63142 /* PBXTargetDependency */,
			);
			name = RadialMenuUITests;
			productName = RadialMenuUITests;
			productReference = D8D469E524EF880000D63142 /* RadialMenuUITests.xctest */;
			productType = "com.apple.product-type.bundle.ui-testing";
		};
/* End PBXNativeTarget section */

/* Begin PBXProject section */
		D8D469C124EF87FE00D63142 /* Project object */ = {
			isa = PBXProject;
			attributes = {
				LastSwiftUpdateCheck = 1200;
				LastUpgradeCheck = 1200;
				TargetAttributes = {
					D8D469C824EF87FE00D63142 = {
						CreatedOnToolsVersion = 12.0;
					};
					D8D469D924EF880000D63142 = {
						CreatedOnToolsVersion = 12.0;
						TestTargetID = D8D469C824EF87FE00D63142;
					};
					D8D469E424EF880000D63142 = {
						CreatedOnToolsVersion = 12.0;
						TestTargetID = D8D469C824EF87FE00D63142;
					};
				};
			};
			buildConfigurationList = D8D469C424EF87FE00D63142 /* Build configuration list for PBXProject "RadialMenu" */;
			compatibilityVersion = "Xcode 9.3";
			developmentRegion = en;
			hasScannedForEncodings = 0;
			knownRegions = (
				en,
				Base,
			);
			mainGroup = D8D469C024EF87FE00D63142;
			productRefGroup = D8D469CA24EF87FE00D63142 /* Products */;
			projectDirPath = "";
			projectRoot = "";
			targets = (
				D8D469C824EF87FE00D63142 /* RadialMenu */,
				D8D469D924EF880000D63142 /* RadialMenuTests */,
				D8D469E424EF880000D63142 /* RadialMenuUITests */,
			);
		};
/* End PBXProject section */

/* Begin PBXResourcesBuildPhase section */
		D8D469C724EF87FE00D63142 /* Resources */ = {
			isa = PBXResourcesBuildPhase;
			buildActionMask = 2147483647;
			files = (
				D8D469D424EF87FF00D63142 /* Preview Assets.xcassets in Resources */,
				D8D469D124EF87FF00D63142 /* Assets.xcassets in Resources */,
			);
			runOnlyForDeploymentPostprocessing = 0;
		};
		D8D469D824EF880000D63142 /* Resources */ = {
			isa = PBXResourcesBuildPhase;
			buildActionMask = 2147483647;
			files = (
			);
			runOnlyForDeploymentPostprocessing = 0;
		};
		D8D469E324EF880000D63142 /* Resources */ = {
			isa = PBXResourcesBuildPhase;
			buildActionMask = 2147483647;
			files = (
			);
			runOnlyForDeploymentPostprocessing = 0;
		};
/* End PBXResourcesBuildPhase section */

/* Begin PBXSourcesBuildPhase section */
		D8D469C524EF87FE00D63142 /* Sources */ = {
			isa = PBXSourcesBuildPhase;
			buildActionMask = 2147483647;
			files = (
				D8D469CF24EF87FE00D63142 /* ContentView.swift in Sources */,
				D8D469CD24EF87FE00D63142 /* RadialMenuApp.swift in Sources */,
			);
			runOnlyForDeploymentPostprocessing = 0;
		};
		D8D469D624EF880000D63142 /* Sources */ = {
			isa = PBXSourcesBuildPhase;
			buildActionMask = 2147483647;
			files = (
				D8D469DF24EF880000D63142 /* RadialMenuTests.swift in Sources */,
			);
			runOnlyForDeploymentPostprocessing = 0;
		};
		D8D469E124EF880000D63142 /* Sources */ = {
			isa = PBXSourcesBuildPhase;
			buildActionMask = 2147483647;
			files = (
				D8D469EA24EF880000D63142 /* RadialMenuUITests.swift in Sources */,
			);
			runOnlyForDeploymentPostprocessing = 0;
		};
/* End PBXSourcesBuildPhase section */

/* Begin PBXTargetDependency section */
		D8D469DC24EF880000D63142 /* PBXTargetDependency */ = {
			isa = PBXTargetDependency;
			target = D8D469C824EF87FE00D63142 /* RadialMenu */;
			targetProxy = D8D469DB24EF880000D63142 /* PBXContainerItemProxy */;
		};
		D8D469E724EF880000D63142 /* PBXTargetDependency */ = {
			isa = PBXTargetDependency;
			target = D8D469C824EF87FE00D63142 /* RadialMenu */;
			targetProxy = D8D469E624EF880000D63142 /* PBXContainerItemProxy */;
		};
/* End PBXTargetDependency section */

/* Begin XCBuildConfiguration section */
		D8D469EC24EF880000D63142 /* Debug */ = {
			isa = XCBuildConfiguration;
			buildSettings = {
				ALWAYS_SEARCH_USER_PATHS = NO;
				CLANG_ANALYZER_NONNULL = YES;
				CLANG_ANALYZER_NUMBER_OBJECT_CONVERSION = YES_AGGRESSIVE;
				CLANG_CXX_LANGUAGE_STANDARD = "gnu++14";
				CLANG_CXX_LIBRARY = "libc++";
				CLANG_ENABLE_MODULES = YES;
				CLANG_ENABLE_OBJC_ARC = YES;
				CLANG_ENABLE_OBJC_WEAK = YES;
				CLANG_WARN_BLOCK_CAPTURE_AUTORELEASING = YES;
				CLANG_WARN_BOOL_CONVERSION = YES;
				CLANG_WARN_COMMA = YES;
				CLANG_WARN_CONSTANT_CONVERSION = YES;
				CLANG_WARN_DEPRECATED_OBJC_IMPLEMENTATIONS = YES;
				CLANG_WARN_DIRECT_OBJC_ISA_USAGE = YES_ERROR;
				CLANG_WARN_DOCUMENTATION_COMMENTS = YES;
				CLANG_WARN_EMPTY_BODY = YES;
				CLANG_WARN_ENUM_CONVERSION = YES;
				CLANG_WARN_INFINITE_RECURSION = YES;
				CLANG_WARN_INT_CONVERSION = YES;
				CLANG_WARN_NON_LITERAL_NULL_CONVERSION = YES;
				CLANG_WARN_OBJC_IMPLICIT_RETAIN_SELF = YES;
				CLANG_WARN_OBJC_LITERAL_CONVERSION = YES;
				CLANG_WARN_OBJC_ROOT_CLASS = YES_ERROR;
				CLANG_WARN_QUOTED_INCLUDE_IN_FRAMEWORK_HEADER = YES;
				CLANG_WARN_RANGE_LOOP_ANALYSIS = YES;
				CLANG_WARN_STRICT_PROTOTYPES = YES;
				CLANG_WARN_SUSPICIOUS_MOVE = YES;
				CLANG_WARN_UNGUARDED_AVAILABILITY = YES_AGGRESSIVE;
				CLANG_WARN_UNREACHABLE_CODE = YES;
				CLANG_WARN__DUPLICATE_METHOD_MATCH = YES;
				COPY_PHASE_STRIP = NO;
				DEBUG_INFORMATION_FORMAT = dwarf;
				ENABLE_STRICT_OBJC_MSGSEND = YES;
				ENABLE_TESTABILITY = YES;
				GCC_C_LANGUAGE_STANDARD = gnu11;
				GCC_DYNAMIC_NO_PIC = NO;
				GCC_NO_COMMON_BLOCKS = YES;
				GCC_OPTIMIZATION_LEVEL = 0;
				GCC_PREPROCESSOR_DEFINITIONS = (
					"DEBUG=1",
					"$(inherited)",
				);
				GCC_WARN_64_TO_32_BIT_CONVERSION = YES;
				GCC_WARN_ABOUT_RETURN_TYPE = YES_ERROR;
				GCC_WARN_UNDECLARED_SELECTOR = YES;
				GCC_WARN_UNINITIALIZED_AUTOS = YES_AGGRESSIVE;
				GCC_WARN_UNUSED_FUNCTION = YES;
				GCC_WARN_UNUSED_VARIABLE = YES;
				IPHONEOS_DEPLOYMENT_TARGET = 14.0;
				MTL_ENABLE_DEBUG_INFO = INCLUDE_SOURCE;
				MTL_FAST_MATH = YES;
				ONLY_ACTIVE_ARCH = YES;
				SDKROOT = iphoneos;
				SWIFT_ACTIVE_COMPILATION_CONDITIONS = DEBUG;
				SWIFT_OPTIMIZATION_LEVEL = "-Onone";
			};
			name = Debug;
		};
		D8D469ED24EF880000D63142 /* Release */ = {
			isa = XCBuildConfiguration;
			buildSettings = {
				ALWAYS_SEARCH_USER_PATHS = NO;
				CLANG_ANALYZER_NONNULL = YES;
				CLANG_ANALYZER_NUMBER_OBJECT_CONVERSION = YES_AGGRESSIVE;
				CLANG_CXX_LANGUAGE_STANDARD = "gnu++14";
				CLANG_CXX_LIBRARY = "libc++";
				CLANG_ENABLE_MODULES = YES;
				CLANG_ENABLE_OBJC_ARC = YES;
				CLANG_ENABLE_OBJC_WEAK = YES;
				CLANG_WARN_BLOCK_CAPTURE_AUTORELEASING = YES;
				CLANG_WARN_BOOL_CONVERSION = YES;
				CLANG_WARN_COMMA = YES;
				CLANG_WARN_CONSTANT_CONVERSION = YES;
				CLANG_WARN_DEPRECATED_OBJC_IMPLEMENTATIONS = YES;
				CLANG_WARN_DIRECT_OBJC_ISA_USAGE = YES_ERROR;
				CLANG_WARN_DOCUMENTATION_COMMENTS = YES;
				CLANG_WARN_EMPTY_BODY = YES;
				CLANG_WARN_ENUM_CONVERSION = YES;
				CLANG_WARN_INFINITE_RECURSION = YES;
				CLANG_WARN_INT_CONVERSION = YES;
				CLANG_WARN_NON_LITERAL_NULL_CONVERSION = YES;
				CLANG_WARN_OBJC_IMPLICIT_RETAIN_SELF = YES;
				CLANG_WARN_OBJC_LITERAL_CONVERSION = YES;
				CLANG_WARN_OBJC_ROOT_CLASS = YES_ERROR;
				CLANG_WARN_QUOTED_INCLUDE_IN_FRAMEWORK_HEADER = YES;
				CLANG_WARN_RANGE_LOOP_ANALYSIS = YES;
				CLANG_WARN_STRICT_PROTOTYPES = YES;
				CLANG_WARN_SUSPICIOUS_MOVE = YES;
				CLANG_WARN_UNGUARDED_AVAILABILITY = YES_AGGRESSIVE;
				CLANG_WARN_UNREACHABLE_CODE = YES;
				CLANG_WARN__DUPLICATE_METHOD_MATCH = YES;
				COPY_PHASE_STRIP = NO;
				DEBUG_INFORMATION_FORMAT = "dwarf-with-dsym";
				ENABLE_NS_ASSERTIONS = NO;
				ENABLE_STRICT_OBJC_MSGSEND = YES;
				GCC_C_LANGUAGE_STANDARD = gnu11;
				GCC_NO_COMMON_BLOCKS = YES;
				GCC_WARN_64_TO_32_BIT_CONVERSION = YES;
				GCC_WARN_ABOUT_RETURN_TYPE = YES_ERROR;
				GCC_WARN_UNDECLARED_SELECTOR = YES;
				GCC_WARN_UNINITIALIZED_AUTOS = YES_AGGRESSIVE;
				GCC_WARN_UNUSED_FUNCTION = YES;
				GCC_WARN_UNUSED_VARIABLE = YES;
				IPHONEOS_DEPLOYMENT_TARGET = 14.0;
				MTL_ENABLE_DEBUG_INFO = NO;
				MTL_FAST_MATH = YES;
				SDKROOT = iphoneos;
				SWIFT_COMPILATION_MODE = wholemodule;
				SWIFT_OPTIMIZATION_LEVEL = "-O";
				VALIDATE_PRODUCT = YES;
			};
			name = Release;
		};
		D8D469EF24EF880000D63142 /* Debug */ = {
			isa = XCBuildConfiguration;
			buildSettings = {
				ASSETCATALOG_COMPILER_APPICON_NAME = AppIcon;
				ASSETCATALOG_COMPILER_GLOBAL_ACCENT_COLOR_NAME = AccentColor;
				CODE_SIGN_STYLE = Automatic;
				DEVELOPMENT_ASSET_PATHS = "\"RadialMenu/Preview Content\"";
				DEVELOPMENT_TEAM = 7699K39ZR4;
				ENABLE_PREVIEWS = YES;
				INFOPLIST_FILE = RadialMenu/Info.plist;
				IPHONEOS_DEPLOYMENT_TARGET = 14.0;
				LD_RUNPATH_SEARCH_PATHS = (
					"$(inherited)",
					"@executable_path/Frameworks",
				);
				PRODUCT_BUNDLE_IDENTIFIER = com.lahariganti.RadialMenu;
				PRODUCT_NAME = "$(TARGET_NAME)";
				SWIFT_VERSION = 5.0;
				TARGETED_DEVICE_FAMILY = "1,2";
			};
			name = Debug;
		};
		D8D469F024EF880000D63142 /* Release */ = {
			isa = XCBuildConfiguration;
			buildSettings = {
				ASSETCATALOG_COMPILER_APPICON_NAME = AppIcon;
				ASSETCATALOG_COMPILER_GLOBAL_ACCENT_COLOR_NAME = AccentColor;
				CODE_SIGN_STYLE = Automatic;
				DEVELOPMENT_ASSET_PATHS = "\"RadialMenu/Preview Content\"";
				DEVELOPMENT_TEAM = 7699K39ZR4;
				ENABLE_PREVIEWS = YES;
				INFOPLIST_FILE = RadialMenu/Info.plist;
				IPHONEOS_DEPLOYMENT_TARGET = 14.0;
				LD_RUNPATH_SEARCH_PATHS = (
					"$(inherited)",
					"@executable_path/Frameworks",
				);
				PRODUCT_BUNDLE_IDENTIFIER = com.lahariganti.RadialMenu;
				PRODUCT_NAME = "$(TARGET_NAME)";
				SWIFT_VERSION = 5.0;
				TARGETED_DEVICE_FAMILY = "1,2";
			};
			name = Release;
		};
		D8D469F224EF880000D63142 /* Debug */ = {
			isa = XCBuildConfiguration;
			buildSettings = {
				ALWAYS_EMBED_SWIFT_STANDARD_LIBRARIES = YES;
				BUNDLE_LOADER = "$(TEST_HOST)";
				CODE_SIGN_STYLE = Automatic;
				DEVELOPMENT_TEAM = 7699K39ZR4;
				INFOPLIST_FILE = RadialMenuTests/Info.plist;
				IPHONEOS_DEPLOYMENT_TARGET = 14.0;
				LD_RUNPATH_SEARCH_PATHS = (
					"$(inherited)",
					"@executable_path/Frameworks",
					"@loader_path/Frameworks",
				);
				PRODUCT_BUNDLE_IDENTIFIER = com.lahariganti.RadialMenuTests;
				PRODUCT_NAME = "$(TARGET_NAME)";
				SWIFT_VERSION = 5.0;
				TARGETED_DEVICE_FAMILY = "1,2";
				TEST_HOST = "$(BUILT_PRODUCTS_DIR)/RadialMenu.app/RadialMenu";
			};
			name = Debug;
		};
		D8D469F324EF880000D63142 /* Release */ = {
			isa = XCBuildConfiguration;
			buildSettings = {
				ALWAYS_EMBED_SWIFT_STANDARD_LIBRARIES = YES;
				BUNDLE_LOADER = "$(TEST_HOST)";
				CODE_SIGN_STYLE = Automatic;
				DEVELOPMENT_TEAM = 7699K39ZR4;
				INFOPLIST_FILE = RadialMenuTests/Info.plist;
				IPHONEOS_DEPLOYMENT_TARGET = 14.0;
				LD_RUNPATH_SEARCH_PATHS = (
					"$(inherited)",
					"@executable_path/Frameworks",
					"@loader_path/Frameworks",
				);
				PRODUCT_BUNDLE_IDENTIFIER = com.lahariganti.RadialMenuTests;
				PRODUCT_NAME = "$(TARGET_NAME)";
				SWIFT_VERSION = 5.0;
				TARGETED_DEVICE_FAMILY = "1,2";
				TEST_HOST = "$(BUILT_PRODUCTS_DIR)/RadialMenu.app/RadialMenu";
			};
			name = Release;
		};
		D8D469F524EF880000D63142 /* Debug */ = {
			isa = XCBuildConfiguration;
			buildSettings = {
				ALWAYS_EMBED_SWIFT_STANDARD_LIBRARIES = YES;
				CODE_SIGN_STYLE = Automatic;
				DEVELOPMENT_TEAM = 7699K39ZR4;
				INFOPLIST_FILE = RadialMenuUITests/Info.plist;
				LD_RUNPATH_SEARCH_PATHS = (
					"$(inherited)",
					"@executable_path/Frameworks",
					"@loader_path/Frameworks",
				);
				PRODUCT_BUNDLE_IDENTIFIER = com.lahariganti.RadialMenuUITests;
				PRODUCT_NAME = "$(TARGET_NAME)";
				SWIFT_VERSION = 5.0;
				TARGETED_DEVICE_FAMILY = "1,2";
				TEST_TARGET_NAME = RadialMenu;
			};
			name = Debug;
		};
		D8D469F624EF880000D63142 /* Release */ = {
			isa = XCBuildConfiguration;
			buildSettings = {
				ALWAYS_EMBED_SWIFT_STANDARD_LIBRARIES = YES;
				CODE_SIGN_STYLE = Automatic;
				DEVELOPMENT_TEAM = 7699K39ZR4;
				INFOPLIST_FILE = RadialMenuUITests/Info.plist;
				LD_RUNPATH_SEARCH_PATHS = (
					"$(inherited)",
					"@executable_path/Frameworks",
					"@loader_path/Frameworks",
				);
				PRODUCT_BUNDLE_IDENTIFIER = com.lahariganti.RadialMenuUITests;
				PRODUCT_NAME = "$(TARGET_NAME)";
				SWIFT_VERSION = 5.0;
				TARGETED_DEVICE_FAMILY = "1,2";
				TEST_TARGET_NAME = RadialMenu;
			};
			name = Release;
		};
/* End XCBuildConfiguration section */

/* Begin XCConfigurationList section */
		D8D469C424EF87FE00D63142 /* Build configuration list for PBXProject "RadialMenu" */ = {
			isa = XCConfigurationList;
			buildConfigurations = (
				D8D469EC24EF880000D63142 /* Debug */,
				D8D469ED24EF880000D63142 /* Release */,
			);
			defaultConfigurationIsVisible = 0;
			defaultConfigurationName = Release;
		};
		D8D469EE24EF880000D63142 /* Build configuration list for PBXNativeTarget "RadialMenu" */ = {
			isa = XCConfigurationList;
			buildConfigurations = (
				D8D469EF24EF880000D63142 /* Debug */,
				D8D469F024EF880000D63142 /* Release */,
			);
			defaultConfigurationIsVisible = 0;
			defaultConfigurationName = Release;
		};
		D8D469F124EF880000D63142 /* Build configuration list for PBXNativeTarget "RadialMenuTests" */ = {
			isa = XCConfigurationList;
			buildConfigurations = (
				D8D469F224EF880000D63142 /* Debug */,
				D8D469F324EF880000D63142 /* Release */,
			);
			defaultConfigurationIsVisible = 0;
			defaultConfigurationName = Release;
		};
		D8D469F424EF880000D63142 /* Build configuration list for PBXNativeTarget "RadialMenuUITests" */ = {
			isa = XCConfigurationList;
			buildConfigurations = (
				D8D469F524EF880000D63142 /* Debug */,
				D8D469F624EF880000D63142 /* Release */,
			);
			defaultConfigurationIsVisible = 0;
			defaultConfigurationName = Release;
		};
/* End XCConfigurationList section */
	};
	rootObject = D8D469C124EF87FE00D63142 /* Project object */;
}
